
Microsoft Visual Studio Solution File, Format Version 12.00
# Visual Studio 15
VisualStudioVersion = 15.0.27703.2047
MinimumVisualStudioVersion = 10.0.40219.1
Project("{8BC9CEB8-8B4A-11D0-8D11-00A0C91BC942}") = "1-HelloAIE", "1-HelloAIE\1-HelloAIE.vcxproj", "{B6F4DDAA-1D51-4C44-8D57-152273F05CBF}"
EndProject
Project("{8BC9CEB8-8B4A-11D0-8D11-00A0C91BC942}") = "2-Variables", "2-Variables\2-Variables.vcxproj", "{A21817A1-2EA9-4B1B-8368-156E333C18A7}"
EndProject
Project("{8BC9CEB8-8B4A-11D0-8D11-00A0C91BC942}") = "3-Loops", "3-Loops\3-Loops.vcxproj", "{74F9624C-F398-4844-AB88-C88AE4E8E982}"
EndProject
Project("{8BC9CEB8-8B4A-11D0-8D11-00A0C91BC942}") = "4-Conditionals", "4-Conditionals\4-Conditionals.vcxproj", "{89C336C7-6572-4B25-BCFD-16994C3EC0F0}"
EndProject
Project("{8BC9CEB8-8B4A-11D0-8D11-00A0C91BC942}") = "5-Functions", "5-Functions\5-Functions.vcxproj", "{7FB12642-3DB4-42DF-AFDB-7EF09D88255D}"
EndProject
Project("{8BC9CEB8-8B4A-11D0-8D11-00A0C91BC942}") = "6-Arrays", "6-Arrays\6-Arrays.vcxproj", "{BF1EC6FE-A517-450E-8E3F-82A48D276D90}"
EndProject
Project("{8BC9CEB8-8B4A-11D0-8D11-00A0C91BC942}") = "7-Structs", "7-Structs\7-Structs.vcxproj", "{88BFDD33-460F-429E-B211-A97FC9653ECE}"
EndProject
Project("{8BC9CEB8-8B4A-11D0-8D11-00A0C91BC942}") = "8-TicTacToe", "8-TicTacToe\8-TicTacToe.vcxproj", "{95937C38-7204-44A8-AC62-5527650B57A7}"
EndProject
Project("{8BC9CEB8-8B4A-11D0-8D11-00A0C91BC942}") = "9-NumberGuessing", "9-NumberGuessing\9-NumberGuessing.vcxproj", "{D0A2EC4A-302B-4BC5-AE94-EBCAD66D2E8D}"
EndProject
Project("{8BC9CEB8-8B4A-11D0-8D11-00A0C91BC942}") = "10-ActualNumberGuess", "10-ActualNumberGuess\10-ActualNumberGuess.vcxproj", "{7727E476-8EF5-4340-969A-3861E53A320C}"
EndProject
Project("{8BC9CEB8-8B4A-11D0-8D11-00A0C91BC942}") = "11-BattleArena", "11-BattleArena\11-BattleArena.vcxproj", "{49835115-FB8B-4665-9870-B916F8B3CEFC}"
EndProject
Project("{8BC9CEB8-8B4A-11D0-8D11-00A0C91BC942}") = "12-ReviewI", "12-ReviewI\12-ReviewI.vcxproj", "{A11F218D-F3D0-43A7-BF4B-84B0B1E21896}"
EndProject
Project("{8BC9CEB8-8B4A-11D0-8D11-00A0C91BC942}") = "13-Pointers", "13-Pointers\13-Pointers.vcxproj", "{8F28458D-E801-4FDB-8B20-8ECD99B3A041}"
EndProject
Project("{8BC9CEB8-8B4A-11D0-8D11-00A0C91BC942}") = "14-DynamicAllocation", "14-DynamicAllocation\14-DynamicAllocation.vcxproj", "{58235557-D843-4F24-9322-2DD47C7B6075}"
EndProject
Global
	GlobalSection(SolutionConfigurationPlatforms) = preSolution
		Debug|x64 = Debug|x64
		Debug|x86 = Debug|x86
		Release|x64 = Release|x64
		Release|x86 = Release|x86
	EndGlobalSection
	GlobalSection(ProjectConfigurationPlatforms) = postSolution
		{B6F4DDAA-1D51-4C44-8D57-152273F05CBF}.Debug|x64.ActiveCfg = Debug|x64
		{B6F4DDAA-1D51-4C44-8D57-152273F05CBF}.Debug|x64.Build.0 = Debug|x64
		{B6F4DDAA-1D51-4C44-8D57-152273F05CBF}.Debug|x86.ActiveCfg = Debug|Win32
		{B6F4DDAA-1D51-4C44-8D57-152273F05CBF}.Debug|x86.Build.0 = Debug|Win32
		{B6F4DDAA-1D51-4C44-8D57-152273F05CBF}.Release|x64.ActiveCfg = Release|x64
		{B6F4DDAA-1D51-4C44-8D57-152273F05CBF}.Release|x64.Build.0 = Release|x64
		{B6F4DDAA-1D51-4C44-8D57-152273F05CBF}.Release|x86.ActiveCfg = Release|Win32
		{B6F4DDAA-1D51-4C44-8D57-152273F05CBF}.Release|x86.Build.0 = Release|Win32
		{A21817A1-2EA9-4B1B-8368-156E333C18A7}.Debug|x64.ActiveCfg = Debug|x64
		{A21817A1-2EA9-4B1B-8368-156E333C18A7}.Debug|x64.Build.0 = Debug|x64
		{A21817A1-2EA9-4B1B-8368-156E333C18A7}.Debug|x86.ActiveCfg = Debug|Win32
		{A21817A1-2EA9-4B1B-8368-156E333C18A7}.Debug|x86.Build.0 = Debug|Win32
		{A21817A1-2EA9-4B1B-8368-156E333C18A7}.Release|x64.ActiveCfg = Release|x64
		{A21817A1-2EA9-4B1B-8368-156E333C18A7}.Release|x64.Build.0 = Release|x64
		{A21817A1-2EA9-4B1B-8368-156E333C18A7}.Release|x86.ActiveCfg = Release|Win32
		{A21817A1-2EA9-4B1B-8368-156E333C18A7}.Release|x86.Build.0 = Release|Win32
		{74F9624C-F398-4844-AB88-C88AE4E8E982}.Debug|x64.ActiveCfg = Debug|x64
		{74F9624C-F398-4844-AB88-C88AE4E8E982}.Debug|x64.Build.0 = Debug|x64
		{74F9624C-F398-4844-AB88-C88AE4E8E982}.Debug|x86.ActiveCfg = Debug|Win32
		{74F9624C-F398-4844-AB88-C88AE4E8E982}.Debug|x86.Build.0 = Debug|Win32
		{74F9624C-F398-4844-AB88-C88AE4E8E982}.Release|x64.ActiveCfg = Release|x64
		{74F9624C-F398-4844-AB88-C88AE4E8E982}.Release|x64.Build.0 = Release|x64
		{74F9624C-F398-4844-AB88-C88AE4E8E982}.Release|x86.ActiveCfg = Release|Win32
		{74F9624C-F398-4844-AB88-C88AE4E8E982}.Release|x86.Build.0 = Release|Win32
		{89C336C7-6572-4B25-BCFD-16994C3EC0F0}.Debug|x64.ActiveCfg = Debug|x64
		{89C336C7-6572-4B25-BCFD-16994C3EC0F0}.Debug|x64.Build.0 = Debug|x64
		{89C336C7-6572-4B25-BCFD-16994C3EC0F0}.Debug|x86.ActiveCfg = Debug|Win32
		{89C336C7-6572-4B25-BCFD-16994C3EC0F0}.Debug|x86.Build.0 = Debug|Win32
		{89C336C7-6572-4B25-BCFD-16994C3EC0F0}.Release|x64.ActiveCfg = Release|x64
		{89C336C7-6572-4B25-BCFD-16994C3EC0F0}.Release|x64.Build.0 = Release|x64
		{89C336C7-6572-4B25-BCFD-16994C3EC0F0}.Release|x86.ActiveCfg = Release|Win32
		{89C336C7-6572-4B25-BCFD-16994C3EC0F0}.Release|x86.Build.0 = Release|Win32
		{7FB12642-3DB4-42DF-AFDB-7EF09D88255D}.Debug|x64.ActiveCfg = Debug|x64
		{7FB12642-3DB4-42DF-AFDB-7EF09D88255D}.Debug|x64.Build.0 = Debug|x64
		{7FB12642-3DB4-42DF-AFDB-7EF09D88255D}.Debug|x86.ActiveCfg = Debug|Win32
		{7FB12642-3DB4-42DF-AFDB-7EF09D88255D}.Debug|x86.Build.0 = Debug|Win32
		{7FB12642-3DB4-42DF-AFDB-7EF09D88255D}.Release|x64.ActiveCfg = Release|x64
		{7FB12642-3DB4-42DF-AFDB-7EF09D88255D}.Release|x64.Build.0 = Release|x64
		{7FB12642-3DB4-42DF-AFDB-7EF09D88255D}.Release|x86.ActiveCfg = Release|Win32
		{7FB12642-3DB4-42DF-AFDB-7EF09D88255D}.Release|x86.Build.0 = Release|Win32
		{BF1EC6FE-A517-450E-8E3F-82A48D276D90}.Debug|x64.ActiveCfg = Debug|x64
		{BF1EC6FE-A517-450E-8E3F-82A48D276D90}.Debug|x64.Build.0 = Debug|x64
		{BF1EC6FE-A517-450E-8E3F-82A48D276D90}.Debug|x86.ActiveCfg = Debug|Win32
		{BF1EC6FE-A517-450E-8E3F-82A48D276D90}.Debug|x86.Build.0 = Debug|Win32
		{BF1EC6FE-A517-450E-8E3F-82A48D276D90}.Release|x64.ActiveCfg = Release|x64
		{BF1EC6FE-A517-450E-8E3F-82A48D276D90}.Release|x64.Build.0 = Release|x64
		{BF1EC6FE-A517-450E-8E3F-82A48D276D90}.Release|x86.ActiveCfg = Release|Win32
		{BF1EC6FE-A517-450E-8E3F-82A48D276D90}.Release|x86.Build.0 = Release|Win32
		{88BFDD33-460F-429E-B211-A97FC9653ECE}.Debug|x64.ActiveCfg = Debug|x64
		{88BFDD33-460F-429E-B211-A97FC9653ECE}.Debug|x64.Build.0 = Debug|x64
		{88BFDD33-460F-429E-B211-A97FC9653ECE}.Debug|x86.ActiveCfg = Debug|Win32
		{88BFDD33-460F-429E-B211-A97FC9653ECE}.Debug|x86.Build.0 = Debug|Win32
		{88BFDD33-460F-429E-B211-A97FC9653ECE}.Release|x64.ActiveCfg = Release|x64
		{88BFDD33-460F-429E-B211-A97FC9653ECE}.Release|x64.Build.0 = Release|x64
		{88BFDD33-460F-429E-B211-A97FC9653ECE}.Release|x86.ActiveCfg = Release|Win32
		{88BFDD33-460F-429E-B211-A97FC9653ECE}.Release|x86.Build.0 = Release|Win32
		{95937C38-7204-44A8-AC62-5527650B57A7}.Debug|x64.ActiveCfg = Debug|x64
		{95937C38-7204-44A8-AC62-5527650B57A7}.Debug|x64.Build.0 = Debug|x64
		{95937C38-7204-44A8-AC62-5527650B57A7}.Debug|x86.ActiveCfg = Debug|Win32
		{95937C38-7204-44A8-AC62-5527650B57A7}.Debug|x86.Build.0 = Debug|Win32
		{95937C38-7204-44A8-AC62-5527650B57A7}.Release|x64.ActiveCfg = Release|x64
		{95937C38-7204-44A8-AC62-5527650B57A7}.Release|x64.Build.0 = Release|x64
		{95937C38-7204-44A8-AC62-5527650B57A7}.Release|x86.ActiveCfg = Release|Win32
		{95937C38-7204-44A8-AC62-5527650B57A7}.Release|x86.Build.0 = Release|Win32
		{D0A2EC4A-302B-4BC5-AE94-EBCAD66D2E8D}.Debug|x64.ActiveCfg = Debug|x64
		{D0A2EC4A-302B-4BC5-AE94-EBCAD66D2E8D}.Debug|x64.Build.0 = Debug|x64
		{D0A2EC4A-302B-4BC5-AE94-EBCAD66D2E8D}.Debug|x86.ActiveCfg = Debug|Win32
		{D0A2EC4A-302B-4BC5-AE94-EBCAD66D2E8D}.Debug|x86.Build.0 = Debug|Win32
		{D0A2EC4A-302B-4BC5-AE94-EBCAD66D2E8D}.Release|x64.ActiveCfg = Release|x64
		{D0A2EC4A-302B-4BC5-AE94-EBCAD66D2E8D}.Release|x64.Build.0 = Release|x64
		{D0A2EC4A-302B-4BC5-AE94-EBCAD66D2E8D}.Release|x86.ActiveCfg = Release|Win32
		{D0A2EC4A-302B-4BC5-AE94-EBCAD66D2E8D}.Release|x86.Build.0 = Release|Win32
		{7727E476-8EF5-4340-969A-3861E53A320C}.Debug|x64.ActiveCfg = Debug|x64
		{7727E476-8EF5-4340-969A-3861E53A320C}.Debug|x64.Build.0 = Debug|x64
		{7727E476-8EF5-4340-969A-3861E53A320C}.Debug|x86.ActiveCfg = Debug|Win32
		{7727E476-8EF5-4340-969A-3861E53A320C}.Debug|x86.Build.0 = Debug|Win32
		{7727E476-8EF5-4340-969A-3861E53A320C}.Release|x64.ActiveCfg = Release|x64
		{7727E476-8EF5-4340-969A-3861E53A320C}.Release|x64.Build.0 = Release|x64
		{7727E476-8EF5-4340-969A-3861E53A320C}.Release|x86.ActiveCfg = Release|Win32
		{7727E476-8EF5-4340-969A-3861E53A320C}.Release|x86.Build.0 = Release|Win32
		{49835115-FB8B-4665-9870-B916F8B3CEFC}.Debug|x64.ActiveCfg = Debug|x64
		{49835115-FB8B-4665-9870-B916F8B3CEFC}.Debug|x64.Build.0 = Debug|x64
		{49835115-FB8B-4665-9870-B916F8B3CEFC}.Debug|x86.ActiveCfg = Debug|Win32
		{49835115-FB8B-4665-9870-B916F8B3CEFC}.Debug|x86.Build.0 = Debug|Win32
		{49835115-FB8B-4665-9870-B916F8B3CEFC}.Release|x64.ActiveCfg = Release|x64
		{49835115-FB8B-4665-9870-B916F8B3CEFC}.Release|x64.Build.0 = Release|x64
		{49835115-FB8B-4665-9870-B916F8B3CEFC}.Release|x86.ActiveCfg = Release|Win32
		{49835115-FB8B-4665-9870-B916F8B3CEFC}.Release|x86.Build.0 = Release|Win32
		{A11F218D-F3D0-43A7-BF4B-84B0B1E21896}.Debug|x64.ActiveCfg = Debug|x64
		{A11F218D-F3D0-43A7-BF4B-84B0B1E21896}.Debug|x64.Build.0 = Debug|x64
		{A11F218D-F3D0-43A7-BF4B-84B0B1E21896}.Debug|x86.ActiveCfg = Debug|Win32
		{A11F218D-F3D0-43A7-BF4B-84B0B1E21896}.Debug|x86.Build.0 = Debug|Win32
		{A11F218D-F3D0-43A7-BF4B-84B0B1E21896}.Release|x64.ActiveCfg = Release|x64
		{A11F218D-F3D0-43A7-BF4B-84B0B1E21896}.Release|x64.Build.0 = Release|x64
		{A11F218D-F3D0-43A7-BF4B-84B0B1E21896}.Release|x86.ActiveCfg = Release|Win32
		{A11F218D-F3D0-43A7-BF4B-84B0B1E21896}.Release|x86.Build.0 = Release|Win32
		{8F28458D-E801-4FDB-8B20-8ECD99B3A041}.Debug|x64.ActiveCfg = Debug|x64
		{8F28458D-E801-4FDB-8B20-8ECD99B3A041}.Debug|x64.Build.0 = Debug|x64
		{8F28458D-E801-4FDB-8B20-8ECD99B3A041}.Debug|x86.ActiveCfg = Debug|Win32
		{8F28458D-E801-4FDB-8B20-8ECD99B3A041}.Debug|x86.Build.0 = Debug|Win32
		{8F28458D-E801-4FDB-8B20-8ECD99B3A041}.Release|x64.ActiveCfg = Release|x64
		{8F28458D-E801-4FDB-8B20-8ECD99B3A041}.Release|x64.Build.0 = Release|x64
		{8F28458D-E801-4FDB-8B20-8ECD99B3A041}.Release|x86.ActiveCfg = Release|Win32
		{8F28458D-E801-4FDB-8B20-8ECD99B3A041}.Release|x86.Build.0 = Release|Win32
		{58235557-D843-4F24-9322-2DD47C7B6075}.Debug|x64.ActiveCfg = Debug|x64
		{58235557-D843-4F24-9322-2DD47C7B6075}.Debug|x64.Build.0 = Debug|x64
		{58235557-D843-4F24-9322-2DD47C7B6075}.Debug|x86.ActiveCfg = Debug|Win32
		{58235557-D843-4F24-9322-2DD47C7B6075}.Debug|x86.Build.0 = Debug|Win32
		{58235557-D843-4F24-9322-2DD47C7B6075}.Release|x64.ActiveCfg = Release|x64
		{58235557-D843-4F24-9322-2DD47C7B6075}.Release|x64.Build.0 = Release|x64
		{58235557-D843-4F24-9322-2DD47C7B6075}.Release|x86.ActiveCfg = Release|Win32
		{58235557-D843-4F24-9322-2DD47C7B6075}.Release|x86.Build.0 = Release|Win32
	EndGlobalSection
	GlobalSection(SolutionProperties) = preSolution
		HideSolutionNode = FALSE
	EndGlobalSection
	GlobalSection(ExtensibilityGlobals) = postSolution
		SolutionGuid = {00B72A7B-C3BC-425C-BE38-5CF6CBEFC881}
	EndGlobalSection
EndGlobal
